
Microsoft Visual Studio Solution File, Format Version 12.00
# Visual Studio Version 16
VisualStudioVersion = 16.0.34301.259
MinimumVisualStudioVersion = 10.0.40219.1
Project("{FAE04EC0-301F-11D3-BF4B-00C04F79EFBC}") = "weather", "weather\weather.csproj", "{1A25B323-A9F1-40D9-800D-4017582A577A}"
EndProject
Global
	GlobalSection(SolutionConfigurationPlatforms) = preSolution
		Debug|Any CPU = Debug|Any CPU
		Release|Any CPU = Release|Any CPU
	EndGlobalSection
	GlobalSection(ProjectConfigurationPlatforms) = postSolution
		{1A25B323-A9F1-40D9-800D-4017582A577A}.Debug|Any CPU.ActiveCfg = Debug|Any CPU
		{1A25B323-A9F1-40D9-800D-4017582A577A}.Debug|Any CPU.Build.0 = Debug|Any CPU
		{1A25B323-A9F1-40D9-800D-4017582A577A}.Release|Any CPU.ActiveCfg = Release|Any CPU
		{1A25B323-A9F1-40D9-800D-4017582A577A}.Release|Any CPU.Build.0 = Release|Any CPU
	EndGlobalSection
	GlobalSection(SolutionProperties) = preSolution
		HideSolutionNode = FALSE
	EndGlobalSection
	GlobalSection(ExtensibilityGlobals) = postSolution
		SolutionGuid = {DFB9F688-BF8B-4105-8FDB-8E98DA193B96}
	EndGlobalSection
EndGlobal
